{
    "_readme": [
        "This file locks the dependencies of your project to a known state",
        "Read more about it at https://getcomposer.org/doc/01-basic-usage.md#composer-lock-the-lock-file",
        "This file is @generated automatically"
    ],
    "content-hash": "3eae1f3c13f564c3a8da07715aaf1ccd",
    "packages": [
        {
            "name": "vinceg/usps-php-api",
            "version": "dev-master",
            "source": {
                "type": "git",
                "url": "https://github.com/VinceG/USPS-php-api.git",
                "reference": "e3f73cd365a6315069c0be110b3309aec9838bfd"
            },
            "dist": {
                "type": "zip",
                "url": "https://api.github.com/repos/VinceG/USPS-php-api/zipball/e3f73cd365a6315069c0be110b3309aec9838bfd",
                "reference": "e3f73cd365a6315069c0be110b3309aec9838bfd",
                "shasum": ""
            },
            "require": {
                "ext-curl": "*",
                "php": ">=5.4"
            },
            "type": "library",
            "autoload": {
                "psr-4": {
                    "USPS\\": "src/"
                }
            },
            "notification-url": "https://packagist.org/downloads/",
            "license": [
                "MIT"
            ],
            "authors": [
                {
                    "name": "Vincent Gabriel",
                    "homepage": "http://vadimg.com",
                    "role": "Developer"
                },
                {
                    "name": "Alexander Reiff",
                    "role": "Developer"
                },
                {
                    "name": "Ryan Hayle",
                    "role": "Developer"
                }
            ],
            "description": "PHP wrapper for USPS Web Tools API",
            "keywords": [
                "api",
                "usps"
            ],
            "time": "2016-12-15 16:44:14"
        }
    ],
    "packages-dev": [],
    "aliases": [],
    "minimum-stability": "dev",
    "stability-flags": {
        "vinceg/usps-php-api": 20
    },
    "prefer-stable": false,
    "prefer-lowest": false,
    "platform": [],
    "platform-dev": []
}
